
Microsoft Visual Studio Solution File, Format Version 12.00
# Visual Studio 2013
VisualStudioVersion = 12.0.31101.0
MinimumVisualStudioVersion = 10.0.40219.1
Project("{E24C65DC-7377-472B-9ABA-BC803B73C61A}") = "CrudDemoApp", "http://localhost:5208", "{B027FC6E-9D8D-43C4-B379-5DBEA0C36441}"
	ProjectSection(WebsiteProperties) = preProject
		UseIISExpress = "true"
		TargetFrameworkMoniker = ".NETFramework,Version%3Dv4.5.1"
		Debug.AspNetCompiler.VirtualPath = "/localhost_5208"
		Debug.AspNetCompiler.PhysicalPath = "..\..\Crud\CrudDemoApp\"
		Debug.AspNetCompiler.TargetPath = "PrecompiledWeb\localhost_5208\"
		Debug.AspNetCompiler.Updateable = "true"
		Debug.AspNetCompiler.ForceOverwrite = "true"
		Debug.AspNetCompiler.FixedNames = "false"
		Debug.AspNetCompiler.Debug = "True"
		Release.AspNetCompiler.VirtualPath = "/localhost_5208"
		Release.AspNetCompiler.PhysicalPath = "..\..\Crud\CrudDemoApp\"
		Release.AspNetCompiler.TargetPath = "PrecompiledWeb\localhost_5208\"
		Release.AspNetCompiler.Updateable = "true"
		Release.AspNetCompiler.ForceOverwrite = "true"
		Release.AspNetCompiler.FixedNames = "false"
		Release.AspNetCompiler.Debug = "False"
		SlnRelativePath = "..\..\Crud\CrudDemoApp\"
		DefaultWebSiteLanguage = "Visual C#"
	EndProjectSection
EndProject
Global
	GlobalSection(SolutionConfigurationPlatforms) = preSolution
		Debug|Any CPU = Debug|Any CPU
	EndGlobalSection
	GlobalSection(ProjectConfigurationPlatforms) = postSolution
		{B027FC6E-9D8D-43C4-B379-5DBEA0C36441}.Debug|Any CPU.ActiveCfg = Debug|Any CPU
		{B027FC6E-9D8D-43C4-B379-5DBEA0C36441}.Debug|Any CPU.Build.0 = Debug|Any CPU
	EndGlobalSection
	GlobalSection(SolutionProperties) = preSolution
		HideSolutionNode = FALSE
	EndGlobalSection
EndGlobal
