
Microsoft Visual Studio Solution File, Format Version 12.00
# Visual Studio 2013
VisualStudioVersion = 12.0.31101.0
MinimumVisualStudioVersion = 10.0.40219.1
Project("{E24C65DC-7377-472B-9ABA-BC803B73C61A}") = "WebFormCrud", "http://localhost:19079", "{F979C482-A8DE-42EA-9E67-8D00C2E40F9F}"
	ProjectSection(WebsiteProperties) = preProject
		UseIISExpress = "true"
		TargetFrameworkMoniker = ".NETFramework,Version%3Dv4.5.1"
		Debug.AspNetCompiler.VirtualPath = "/localhost_19079"
		Debug.AspNetCompiler.PhysicalPath = "..\..\WebSites\WebFormCrud\"
		Debug.AspNetCompiler.TargetPath = "PrecompiledWeb\localhost_19079\"
		Debug.AspNetCompiler.Updateable = "true"
		Debug.AspNetCompiler.ForceOverwrite = "true"
		Debug.AspNetCompiler.FixedNames = "false"
		Debug.AspNetCompiler.Debug = "True"
		Release.AspNetCompiler.VirtualPath = "/localhost_19079"
		Release.AspNetCompiler.PhysicalPath = "..\..\WebSites\WebFormCrud\"
		Release.AspNetCompiler.TargetPath = "PrecompiledWeb\localhost_19079\"
		Release.AspNetCompiler.Updateable = "true"
		Release.AspNetCompiler.ForceOverwrite = "true"
		Release.AspNetCompiler.FixedNames = "false"
		Release.AspNetCompiler.Debug = "False"
		SlnRelativePath = "..\..\WebSites\WebFormCrud\"
		DefaultWebSiteLanguage = "Visual C#"
	EndProjectSection
EndProject
Global
	GlobalSection(SolutionConfigurationPlatforms) = preSolution
		Debug|Any CPU = Debug|Any CPU
	EndGlobalSection
	GlobalSection(ProjectConfigurationPlatforms) = postSolution
		{F979C482-A8DE-42EA-9E67-8D00C2E40F9F}.Debug|Any CPU.ActiveCfg = Debug|Any CPU
		{F979C482-A8DE-42EA-9E67-8D00C2E40F9F}.Debug|Any CPU.Build.0 = Debug|Any CPU
	EndGlobalSection
	GlobalSection(SolutionProperties) = preSolution
		HideSolutionNode = FALSE
	EndGlobalSection
EndGlobal
