
Microsoft Visual Studio Solution File, Format Version 12.00
# Visual Studio 2013
VisualStudioVersion = 12.0.31101.0
MinimumVisualStudioVersion = 10.0.40219.1
Project("{E24C65DC-7377-472B-9ABA-BC803B73C61A}") = "AttandanceSystem(1)", "http://localhost:28506", "{83D027CD-B6C1-4C15-8C9B-8882361964B5}"
	ProjectSection(WebsiteProperties) = preProject
		UseIISExpress = "true"
		TargetFrameworkMoniker = ".NETFramework,Version%3Dv4.5.1"
		Debug.AspNetCompiler.VirtualPath = "/localhost_28506"
		Debug.AspNetCompiler.PhysicalPath = "..\..\DAS\AttandanceSystem\"
		Debug.AspNetCompiler.TargetPath = "PrecompiledWeb\localhost_28506\"
		Debug.AspNetCompiler.Updateable = "true"
		Debug.AspNetCompiler.ForceOverwrite = "true"
		Debug.AspNetCompiler.FixedNames = "false"
		Debug.AspNetCompiler.Debug = "True"
		Release.AspNetCompiler.VirtualPath = "/localhost_28506"
		Release.AspNetCompiler.PhysicalPath = "..\..\DAS\AttandanceSystem\"
		Release.AspNetCompiler.TargetPath = "PrecompiledWeb\localhost_28506\"
		Release.AspNetCompiler.Updateable = "true"
		Release.AspNetCompiler.ForceOverwrite = "true"
		Release.AspNetCompiler.FixedNames = "false"
		Release.AspNetCompiler.Debug = "False"
		SlnRelativePath = "..\..\DAS\AttandanceSystem\"
		DefaultWebSiteLanguage = "Visual C#"
	EndProjectSection
EndProject
Global
	GlobalSection(SolutionConfigurationPlatforms) = preSolution
		Debug|Any CPU = Debug|Any CPU
	EndGlobalSection
	GlobalSection(ProjectConfigurationPlatforms) = postSolution
		{83D027CD-B6C1-4C15-8C9B-8882361964B5}.Debug|Any CPU.ActiveCfg = Debug|Any CPU
		{83D027CD-B6C1-4C15-8C9B-8882361964B5}.Debug|Any CPU.Build.0 = Debug|Any CPU
	EndGlobalSection
	GlobalSection(SolutionProperties) = preSolution
		HideSolutionNode = FALSE
	EndGlobalSection
EndGlobal
